// !$*UTF8*$!
{
	archiveVersion = 1;
	classes = {
	};
	objectVersion = 46;
	objects = {

/* Begin PBXBuildFile section */
		E00F55CF16CA896C005FA455 /* Down_CrossToEInETFF规则(20130202更新).docx in Resources */ = {isa = PBXBuildFile; fileRef = E00F55C716CA896C005FA455 /* Down_CrossToEInETFF规则(20130202更新).docx */; };
		E00F55D016CA896C005FA455 /* EInETFFToTInETFF规则(20130212更新).docx in Resources */ = {isa = PBXBuildFile; fileRef = E00F55C816CA896C005FA455 /* EInETFFToTInETFF规则(20130212更新).docx */; };
		E00F55D116CA896C005FA455 /* FirstFInETFFToSecondFInETFF规则.docx in Resources */ = {isa = PBXBuildFile; fileRef = E00F55C916CA896C005FA455 /* FirstFInETFFToSecondFInETFF规则.docx */; };
		E00F55D216CA896C005FA455 /* InitToDown_Cross规则(20130202更新).docx in Resources */ = {isa = PBXBuildFile; fileRef = E00F55CA16CA896C005FA455 /* InitToDown_Cross规则(20130202更新).docx */; };
		E00F55D316CA896C005FA455 /* ReadMe!.docx in Resources */ = {isa = PBXBuildFile; fileRef = E00F55CB16CA896C005FA455 /* ReadMe!.docx */; };
		E00F55D416CA896C005FA455 /* State List(20130206更新).docx in Resources */ = {isa = PBXBuildFile; fileRef = E00F55CC16CA896C005FA455 /* State List(20130206更新).docx */; };
		E00F55D516CA896C005FA455 /* TInETFFToFirstFInETFF规则.docx in Resources */ = {isa = PBXBuildFile; fileRef = E00F55CD16CA896C005FA455 /* TInETFFToFirstFInETFF规则.docx */; };
		E00F55D616CA896C005FA455 /* 规则输入说明文档(20130210更新).docx in Resources */ = {isa = PBXBuildFile; fileRef = E00F55CE16CA896C005FA455 /* 规则输入说明文档(20130210更新).docx */; };
		E00F55E016CA89C9005FA455 /* Icon_max.png in Resources */ = {isa = PBXBuildFile; fileRef = E00F55DD16CA89C9005FA455 /* Icon_max.png */; };
		E00F55E116CA89C9005FA455 /* Icon_min.png in Resources */ = {isa = PBXBuildFile; fileRef = E00F55DE16CA89C9005FA455 /* Icon_min.png */; };
		E00F55E216CA89C9005FA455 /* KnowledgeBase.sqlite3 in Resources */ = {isa = PBXBuildFile; fileRef = E00F55DF16CA89C9005FA455 /* KnowledgeBase.sqlite3 */; };
		E04108B316EF4290002118E7 /* MCTransformUtil.m in Sources */ = {isa = PBXBuildFile; fileRef = E04108B216EF4290002118E7 /* MCTransformUtil.m */; };
		E04221BC16E492E8003602F8 /* Color06.png in Resources */ = {isa = PBXBuildFile; fileRef = E04221B416E492E8003602F8 /* Color06.png */; };
		E04221BD16E492E8003602F8 /* Color05.png in Resources */ = {isa = PBXBuildFile; fileRef = E04221B516E492E8003602F8 /* Color05.png */; };
		E04221BE16E492E8003602F8 /* Color02.png in Resources */ = {isa = PBXBuildFile; fileRef = E04221B616E492E8003602F8 /* Color02.png */; };
		E04221BF16E492E8003602F8 /* Color03.png in Resources */ = {isa = PBXBuildFile; fileRef = E04221B716E492E8003602F8 /* Color03.png */; };
		E04221C016E492E8003602F8 /* Color01.png in Resources */ = {isa = PBXBuildFile; fileRef = E04221B816E492E8003602F8 /* Color01.png */; };
		E04221C216E492E8003602F8 /* DefaultButton.png in Resources */ = {isa = PBXBuildFile; fileRef = E04221BA16E492E8003602F8 /* DefaultButton.png */; };
		E04221C316E492E8003602F8 /* DefaultButtonBg.png in Resources */ = {isa = PBXBuildFile; fileRef = E04221BB16E492E8003602F8 /* DefaultButtonBg.png */; };
		E04221C716E49490003602F8 /* CircleMenuController.m in Sources */ = {isa = PBXBuildFile; fileRef = E04221C616E49490003602F8 /* CircleMenuController.m */; };
		E070AF6C16E4CAE9004BEB2E /* Color04.png in Resources */ = {isa = PBXBuildFile; fileRef = E070AF6B16E4CAE9004BEB2E /* Color04.png */; };
		E0B0FB7F168EC97900DBBF49 /* MCPlayHelper.m in Sources */ = {isa = PBXBuildFile; fileRef = E0B0FB7E168EC97800DBBF49 /* MCPlayHelper.m */; };
		E0B0FB83168EDC7200DBBF49 /* MCBasicElement.m in Sources */ = {isa = PBXBuildFile; fileRef = E0B0FB82168EDC7200DBBF49 /* MCBasicElement.m */; };
		E0E737DF1694651600E48BD0 /* MCRestoreModelController.m in Sources */ = {isa = PBXBuildFile; fileRef = E0E737DE1694651600E48BD0 /* MCRestoreModelController.m */; };
		E0E75E83169567130002AF38 /* MCInsertRuleContorller.m in Sources */ = {isa = PBXBuildFile; fileRef = E0E75E82169567130002AF38 /* MCInsertRuleContorller.m */; };
		E0EB17281690972A00B5A827 /* MCInsertPatternController.m in Sources */ = {isa = PBXBuildFile; fileRef = E0EB17271690972A00B5A827 /* MCInsertPatternController.m */; };
		E0EC975E1615836A00EBFE79 /* UIKit.framework in Frameworks */ = {isa = PBXBuildFile; fileRef = E0EC975D1615836A00EBFE79 /* UIKit.framework */; };
		E0EC97601615836A00EBFE79 /* Foundation.framework in Frameworks */ = {isa = PBXBuildFile; fileRef = E0EC975F1615836A00EBFE79 /* Foundation.framework */; };
		E0EC97621615836A00EBFE79 /* CoreGraphics.framework in Frameworks */ = {isa = PBXBuildFile; fileRef = E0EC97611615836A00EBFE79 /* CoreGraphics.framework */; };
		E0EC97681615836A00EBFE79 /* InfoPlist.strings in Resources */ = {isa = PBXBuildFile; fileRef = E0EC97661615836A00EBFE79 /* InfoPlist.strings */; };
		E0EC976A1615836A00EBFE79 /* main.m in Sources */ = {isa = PBXBuildFile; fileRef = E0EC97691615836A00EBFE79 /* main.m */; };
		E0EC976E1615836A00EBFE79 /* MCAppDelegate.m in Sources */ = {isa = PBXBuildFile; fileRef = E0EC976D1615836A00EBFE79 /* MCAppDelegate.m */; };
		E0EC97711615836A00EBFE79 /* MainStoryboard.storyboard in Resources */ = {isa = PBXBuildFile; fileRef = E0EC976F1615836A00EBFE79 /* MainStoryboard.storyboard */; };
		E0EC97741615836A00EBFE79 /* MCViewController.m in Sources */ = {isa = PBXBuildFile; fileRef = E0EC97731615836A00EBFE79 /* MCViewController.m */; };
		E0EC977C1615836A00EBFE79 /* SenTestingKit.framework in Frameworks */ = {isa = PBXBuildFile; fileRef = E0EC977B1615836A00EBFE79 /* SenTestingKit.framework */; };
		E0EC977D1615836A00EBFE79 /* UIKit.framework in Frameworks */ = {isa = PBXBuildFile; fileRef = E0EC975D1615836A00EBFE79 /* UIKit.framework */; };
		E0EC977E1615836A00EBFE79 /* Foundation.framework in Frameworks */ = {isa = PBXBuildFile; fileRef = E0EC975F1615836A00EBFE79 /* Foundation.framework */; };
		E0EC97861615836A00EBFE79 /* InfoPlist.strings in Resources */ = {isa = PBXBuildFile; fileRef = E0EC97841615836A00EBFE79 /* InfoPlist.strings */; };
		E0EC97891615836B00EBFE79 /* MagicCubeModelTests.m in Sources */ = {isa = PBXBuildFile; fileRef = E0EC97881615836B00EBFE79 /* MagicCubeModelTests.m */; };
		E0EC9797161583B100EBFE79 /* MCCube.m in Sources */ = {isa = PBXBuildFile; fileRef = E0EC9794161583B100EBFE79 /* MCCube.m */; };
		E0EC9798161583B100EBFE79 /* MCMagicCube.m in Sources */ = {isa = PBXBuildFile; fileRef = E0EC9796161583B100EBFE79 /* MCMagicCube.m */; };
		E0F6BDF5168E8AC300D857BC /* MCKnowledgeBase.m in Sources */ = {isa = PBXBuildFile; fileRef = E0F6BDF4168E8AC300D857BC /* MCKnowledgeBase.m */; };
		E0F6BDF7168E8BC000D857BC /* libsqlite3.dylib in Frameworks */ = {isa = PBXBuildFile; fileRef = E0F6BDF6168E8BC000D857BC /* libsqlite3.dylib */; };
/* End PBXBuildFile section */

/* Begin PBXContainerItemProxy section */
		E0EC977F1615836A00EBFE79 /* PBXContainerItemProxy */ = {
			isa = PBXContainerItemProxy;
			containerPortal = E0EC97501615836A00EBFE79 /* Project object */;
			proxyType = 1;
			remoteGlobalIDString = E0EC97581615836A00EBFE79;
			remoteInfo = MagicCubeModel;
		};
/* End PBXContainerItemProxy section */

/* Begin PBXFileReference section */
		E00F55C716CA896C005FA455 /* Down_CrossToEInETFF规则(20130202更新).docx */ = {isa = PBXFileReference; lastKnownFileType = file; name = "Down_CrossToEInETFF规则(20130202更新).docx"; path = "Document/Down_CrossToEInETFF规则(20130202更新).docx"; sourceTree = "<group>"; };
		E00F55C816CA896C005FA455 /* EInETFFToTInETFF规则(20130212更新).docx */ = {isa = PBXFileReference; lastKnownFileType = file; name = "EInETFFToTInETFF规则(20130212更新).docx"; path = "Document/EInETFFToTInETFF规则(20130212更新).docx"; sourceTree = "<group>"; };
		E00F55C916CA896C005FA455 /* FirstFInETFFToSecondFInETFF规则.docx */ = {isa = PBXFileReference; lastKnownFileType = file; name = "FirstFInETFFToSecondFInETFF规则.docx"; path = "Document/FirstFInETFFToSecondFInETFF规则.docx"; sourceTree = "<group>"; };
		E00F55CA16CA896C005FA455 /* InitToDown_Cross规则(20130202更新).docx */ = {isa = PBXFileReference; lastKnownFileType = file; name = "InitToDown_Cross规则(20130202更新).docx"; path = "Document/InitToDown_Cross规则(20130202更新).docx"; sourceTree = "<group>"; };
		E00F55CB16CA896C005FA455 /* ReadMe!.docx */ = {isa = PBXFileReference; lastKnownFileType = file; name = "ReadMe!.docx"; path = "Document/ReadMe!.docx"; sourceTree = "<group>"; };
		E00F55CC16CA896C005FA455 /* State List(20130206更新).docx */ = {isa = PBXFileReference; lastKnownFileType = file; name = "State List(20130206更新).docx"; path = "Document/State List(20130206更新).docx"; sourceTree = "<group>"; };
		E00F55CD16CA896C005FA455 /* TInETFFToFirstFInETFF规则.docx */ = {isa = PBXFileReference; lastKnownFileType = file; name = "TInETFFToFirstFInETFF规则.docx"; path = "Document/TInETFFToFirstFInETFF规则.docx"; sourceTree = "<group>"; };
		E00F55CE16CA896C005FA455 /* 规则输入说明文档(20130210更新).docx */ = {isa = PBXFileReference; lastKnownFileType = file; name = "规则输入说明文档(20130210更新).docx"; path = "Document/规则输入说明文档(20130210更新).docx"; sourceTree = "<group>"; };
		E00F55DD16CA89C9005FA455 /* Icon_max.png */ = {isa = PBXFileReference; lastKnownFileType = image.png; path = Icon_max.png; sourceTree = "<group>"; };
		E00F55DE16CA89C9005FA455 /* Icon_min.png */ = {isa = PBXFileReference; lastKnownFileType = image.png; path = Icon_min.png; sourceTree = "<group>"; };
		E00F55DF16CA89C9005FA455 /* KnowledgeBase.sqlite3 */ = {isa = PBXFileReference; lastKnownFileType = file; path = KnowledgeBase.sqlite3; sourceTree = "<group>"; };
		E04108B116EF4290002118E7 /* MCTransformUtil.h */ = {isa = PBXFileReference; fileEncoding = 4; lastKnownFileType = sourcecode.c.h; path = MCTransformUtil.h; sourceTree = "<group>"; };
		E04108B216EF4290002118E7 /* MCTransformUtil.m */ = {isa = PBXFileReference; fileEncoding = 4; lastKnownFileType = sourcecode.c.objc; path = MCTransformUtil.m; sourceTree = "<group>"; };
		E04221B416E492E8003602F8 /* Color06.png */ = {isa = PBXFileReference; lastKnownFileType = image.png; path = Color06.png; sourceTree = "<group>"; };
		E04221B516E492E8003602F8 /* Color05.png */ = {isa = PBXFileReference; lastKnownFileType = image.png; path = Color05.png; sourceTree = "<group>"; };
		E04221B616E492E8003602F8 /* Color02.png */ = {isa = PBXFileReference; lastKnownFileType = image.png; path = Color02.png; sourceTree = "<group>"; };
		E04221B716E492E8003602F8 /* Color03.png */ = {isa = PBXFileReference; lastKnownFileType = image.png; path = Color03.png; sourceTree = "<group>"; };
		E04221B816E492E8003602F8 /* Color01.png */ = {isa = PBXFileReference; lastKnownFileType = image.png; path = Color01.png; sourceTree = "<group>"; };
		E04221BA16E492E8003602F8 /* DefaultButton.png */ = {isa = PBXFileReference; lastKnownFileType = image.png; path = DefaultButton.png; sourceTree = "<group>"; };
		E04221BB16E492E8003602F8 /* DefaultButtonBg.png */ = {isa = PBXFileReference; lastKnownFileType = image.png; path = DefaultButtonBg.png; sourceTree = "<group>"; };
		E04221C516E49490003602F8 /* CircleMenuController.h */ = {isa = PBXFileReference; fileEncoding = 4; lastKnownFileType = sourcecode.c.h; path = CircleMenuController.h; sourceTree = "<group>"; };
		E04221C616E49490003602F8 /* CircleMenuController.m */ = {isa = PBXFileReference; fileEncoding = 4; lastKnownFileType = sourcecode.c.objc; path = CircleMenuController.m; sourceTree = "<group>"; };
		E04221C816E494F3003602F8 /* Constants.h */ = {isa = PBXFileReference; fileEncoding = 4; lastKnownFileType = sourcecode.c.h; path = Constants.h; sourceTree = "<group>"; };
		E070AF6B16E4CAE9004BEB2E /* Color04.png */ = {isa = PBXFileReference; lastKnownFileType = image.png; path = Color04.png; sourceTree = "<group>"; };
		E0B0FB7D168EC97800DBBF49 /* MCPlayHelper.h */ = {isa = PBXFileReference; fileEncoding = 4; lastKnownFileType = sourcecode.c.h; path = MCPlayHelper.h; sourceTree = "<group>"; };
		E0B0FB7E168EC97800DBBF49 /* MCPlayHelper.m */ = {isa = PBXFileReference; fileEncoding = 4; lastKnownFileType = sourcecode.c.objc; lineEnding = 0; path = MCPlayHelper.m; sourceTree = "<group>"; xcLanguageSpecificationIdentifier = xcode.lang.objc; };
		E0B0FB81168EDC7200DBBF49 /* MCBasicElement.h */ = {isa = PBXFileReference; fileEncoding = 4; lastKnownFileType = sourcecode.c.h; path = MCBasicElement.h; sourceTree = "<group>"; };
		E0B0FB82168EDC7200DBBF49 /* MCBasicElement.m */ = {isa = PBXFileReference; fileEncoding = 4; lastKnownFileType = sourcecode.c.objc; lineEnding = 0; path = MCBasicElement.m; sourceTree = "<group>"; xcLanguageSpecificationIdentifier = xcode.lang.objc; };
		E0E737DD1694651600E48BD0 /* MCRestoreModelController.h */ = {isa = PBXFileReference; fileEncoding = 4; lastKnownFileType = sourcecode.c.h; path = MCRestoreModelController.h; sourceTree = "<group>"; };
		E0E737DE1694651600E48BD0 /* MCRestoreModelController.m */ = {isa = PBXFileReference; fileEncoding = 4; lastKnownFileType = sourcecode.c.objc; path = MCRestoreModelController.m; sourceTree = "<group>"; };
		E0E75E81169567130002AF38 /* MCInsertRuleContorller.h */ = {isa = PBXFileReference; fileEncoding = 4; lastKnownFileType = sourcecode.c.h; path = MCInsertRuleContorller.h; sourceTree = "<group>"; };
		E0E75E82169567130002AF38 /* MCInsertRuleContorller.m */ = {isa = PBXFileReference; fileEncoding = 4; lastKnownFileType = sourcecode.c.objc; path = MCInsertRuleContorller.m; sourceTree = "<group>"; };
		E0EB17261690972A00B5A827 /* MCInsertPatternController.h */ = {isa = PBXFileReference; fileEncoding = 4; lastKnownFileType = sourcecode.c.h; path = MCInsertPatternController.h; sourceTree = "<group>"; };
		E0EB17271690972A00B5A827 /* MCInsertPatternController.m */ = {isa = PBXFileReference; fileEncoding = 4; lastKnownFileType = sourcecode.c.objc; lineEnding = 0; path = MCInsertPatternController.m; sourceTree = "<group>"; xcLanguageSpecificationIdentifier = xcode.lang.objc; };
		E0EC97591615836A00EBFE79 /* MagicCubeModel.app */ = {isa = PBXFileReference; explicitFileType = wrapper.application; includeInIndex = 0; path = MagicCubeModel.app; sourceTree = BUILT_PRODUCTS_DIR; };
		E0EC975D1615836A00EBFE79 /* UIKit.framework */ = {isa = PBXFileReference; lastKnownFileType = wrapper.framework; name = UIKit.framework; path = System/Library/Frameworks/UIKit.framework; sourceTree = SDKROOT; };
		E0EC975F1615836A00EBFE79 /* Foundation.framework */ = {isa = PBXFileReference; lastKnownFileType = wrapper.framework; name = Foundation.framework; path = System/Library/Frameworks/Foundation.framework; sourceTree = SDKROOT; };
		E0EC97611615836A00EBFE79 /* CoreGraphics.framework */ = {isa = PBXFileReference; lastKnownFileType = wrapper.framework; name = CoreGraphics.framework; path = System/Library/Frameworks/CoreGraphics.framework; sourceTree = SDKROOT; };
		E0EC97651615836A00EBFE79 /* MagicCubeModel-Info.plist */ = {isa = PBXFileReference; lastKnownFileType = text.plist.xml; path = "MagicCubeModel-Info.plist"; sourceTree = "<group>"; };
		E0EC97671615836A00EBFE79 /* en */ = {isa = PBXFileReference; lastKnownFileType = text.plist.strings; name = en; path = en.lproj/InfoPlist.strings; sourceTree = "<group>"; };
		E0EC97691615836A00EBFE79 /* main.m */ = {isa = PBXFileReference; lastKnownFileType = sourcecode.c.objc; path = main.m; sourceTree = "<group>"; };
		E0EC976B1615836A00EBFE79 /* MagicCubeModel-Prefix.pch */ = {isa = PBXFileReference; lastKnownFileType = sourcecode.c.h; path = "MagicCubeModel-Prefix.pch"; sourceTree = "<group>"; };
		E0EC976C1615836A00EBFE79 /* MCAppDelegate.h */ = {isa = PBXFileReference; lastKnownFileType = sourcecode.c.h; path = MCAppDelegate.h; sourceTree = "<group>"; };
		E0EC976D1615836A00EBFE79 /* MCAppDelegate.m */ = {isa = PBXFileReference; lastKnownFileType = sourcecode.c.objc; path = MCAppDelegate.m; sourceTree = "<group>"; };
		E0EC97701615836A00EBFE79 /* en */ = {isa = PBXFileReference; lastKnownFileType = file.storyboard; name = en; path = en.lproj/MainStoryboard.storyboard; sourceTree = "<group>"; };
		E0EC97721615836A00EBFE79 /* MCViewController.h */ = {isa = PBXFileReference; lastKnownFileType = sourcecode.c.h; path = MCViewController.h; sourceTree = "<group>"; };
		E0EC97731615836A00EBFE79 /* MCViewController.m */ = {isa = PBXFileReference; lastKnownFileType = sourcecode.c.objc; path = MCViewController.m; sourceTree = "<group>"; };
		E0EC977A1615836A00EBFE79 /* MagicCubeModelTests.octest */ = {isa = PBXFileReference; explicitFileType = wrapper.cfbundle; includeInIndex = 0; path = MagicCubeModelTests.octest; sourceTree = BUILT_PRODUCTS_DIR; };
		E0EC977B1615836A00EBFE79 /* SenTestingKit.framework */ = {isa = PBXFileReference; lastKnownFileType = wrapper.framework; name = SenTestingKit.framework; path = Library/Frameworks/SenTestingKit.framework; sourceTree = DEVELOPER_DIR; };
		E0EC97831615836A00EBFE79 /* MagicCubeModelTests-Info.plist */ = {isa = PBXFileReference; lastKnownFileType = text.plist.xml; path = "MagicCubeModelTests-Info.plist"; sourceTree = "<group>"; };
		E0EC97851615836A00EBFE79 /* en */ = {isa = PBXFileReference; lastKnownFileType = text.plist.strings; name = en; path = en.lproj/InfoPlist.strings; sourceTree = "<group>"; };
		E0EC97871615836B00EBFE79 /* MagicCubeModelTests.h */ = {isa = PBXFileReference; lastKnownFileType = sourcecode.c.h; path = MagicCubeModelTests.h; sourceTree = "<group>"; };
		E0EC97881615836B00EBFE79 /* MagicCubeModelTests.m */ = {isa = PBXFileReference; lastKnownFileType = sourcecode.c.objc; path = MagicCubeModelTests.m; sourceTree = "<group>"; };
		E0EC9792161583B100EBFE79 /* Global.h */ = {isa = PBXFileReference; fileEncoding = 4; lastKnownFileType = sourcecode.c.h; lineEnding = 0; path = Global.h; sourceTree = "<group>"; xcLanguageSpecificationIdentifier = xcode.lang.objcpp; };
		E0EC9793161583B100EBFE79 /* MCCubie.h */ = {isa = PBXFileReference; fileEncoding = 4; lastKnownFileType = sourcecode.c.h; path = MCCubie.h; sourceTree = "<group>"; };
		E0EC9794161583B100EBFE79 /* MCCube.m */ = {isa = PBXFileReference; fileEncoding = 4; lastKnownFileType = sourcecode.c.objc; path = MCCube.m; sourceTree = "<group>"; };
		E0EC9795161583B100EBFE79 /* MCMagicCube.h */ = {isa = PBXFileReference; fileEncoding = 4; lastKnownFileType = sourcecode.c.h; path = MCMagicCube.h; sourceTree = "<group>"; };
		E0EC9796161583B100EBFE79 /* MCMagicCube.m */ = {isa = PBXFileReference; fileEncoding = 4; lastKnownFileType = sourcecode.c.objc; path = MCMagicCube.m; sourceTree = "<group>"; };
		E0F6BDF3168E8AC300D857BC /* MCKnowledgeBase.h */ = {isa = PBXFileReference; fileEncoding = 4; lastKnownFileType = sourcecode.c.h; path = MCKnowledgeBase.h; sourceTree = "<group>"; };
		E0F6BDF4168E8AC300D857BC /* MCKnowledgeBase.m */ = {isa = PBXFileReference; fileEncoding = 4; lastKnownFileType = sourcecode.c.objc; path = MCKnowledgeBase.m; sourceTree = "<group>"; };
		E0F6BDF6168E8BC000D857BC /* libsqlite3.dylib */ = {isa = PBXFileReference; lastKnownFileType = "compiled.mach-o.dylib"; name = libsqlite3.dylib; path = usr/lib/libsqlite3.dylib; sourceTree = SDKROOT; };
/* End PBXFileReference section */

/* Begin PBXFrameworksBuildPhase section */
		E0EC97561615836A00EBFE79 /* Frameworks */ = {
			isa = PBXFrameworksBuildPhase;
			buildActionMask = 2147483647;
			files = (
				E0F6BDF7168E8BC000D857BC /* libsqlite3.dylib in Frameworks */,
				E0EC975E1615836A00EBFE79 /* UIKit.framework in Frameworks */,
				E0EC97601615836A00EBFE79 /* Foundation.framework in Frameworks */,
				E0EC97621615836A00EBFE79 /* CoreGraphics.framework in Frameworks */,
			);
			runOnlyForDeploymentPostprocessing = 0;
		};
		E0EC97761615836A00EBFE79 /* Frameworks */ = {
			isa = PBXFrameworksBuildPhase;
			buildActionMask = 2147483647;
			files = (
				E0EC977C1615836A00EBFE79 /* SenTestingKit.framework in Frameworks */,
				E0EC977D1615836A00EBFE79 /* UIKit.framework in Frameworks */,
				E0EC977E1615836A00EBFE79 /* Foundation.framework in Frameworks */,
			);
			runOnlyForDeploymentPostprocessing = 0;
		};
/* End PBXFrameworksBuildPhase section */

/* Begin PBXGroup section */
		E00F55C416CA86AB005FA455 /* Document */ = {
			isa = PBXGroup;
			children = (
				E00F55C716CA896C005FA455 /* Down_CrossToEInETFF规则(20130202更新).docx */,
				E00F55C816CA896C005FA455 /* EInETFFToTInETFF规则(20130212更新).docx */,
				E00F55C916CA896C005FA455 /* FirstFInETFFToSecondFInETFF规则.docx */,
				E00F55CA16CA896C005FA455 /* InitToDown_Cross规则(20130202更新).docx */,
				E00F55CB16CA896C005FA455 /* ReadMe!.docx */,
				E00F55CC16CA896C005FA455 /* State List(20130206更新).docx */,
				E00F55CD16CA896C005FA455 /* TInETFFToFirstFInETFF规则.docx */,
				E00F55CE16CA896C005FA455 /* 规则输入说明文档(20130210更新).docx */,
			);
			name = Document;
			path = ..;
			sourceTree = "<group>";
		};
		E04108B016EF4209002118E7 /* Util */ = {
			isa = PBXGroup;
			children = (
				E04108B116EF4290002118E7 /* MCTransformUtil.h */,
				E04108B216EF4290002118E7 /* MCTransformUtil.m */,
			);
			name = Util;
			sourceTree = "<group>";
		};
		E04221B316E4928F003602F8 /* Image */ = {
			isa = PBXGroup;
			children = (
				E04221B416E492E8003602F8 /* Color06.png */,
				E04221B516E492E8003602F8 /* Color05.png */,
				E04221B616E492E8003602F8 /* Color02.png */,
				E04221B716E492E8003602F8 /* Color03.png */,
				E04221B816E492E8003602F8 /* Color01.png */,
				E070AF6B16E4CAE9004BEB2E /* Color04.png */,
				E04221BA16E492E8003602F8 /* DefaultButton.png */,
				E04221BB16E492E8003602F8 /* DefaultButtonBg.png */,
			);
			name = Image;
			sourceTree = "<group>";
		};
		E04221C416E4946D003602F8 /* PopUpView */ = {
			isa = PBXGroup;
			children = (
				E04221C816E494F3003602F8 /* Constants.h */,
				E04221C516E49490003602F8 /* CircleMenuController.h */,
				E04221C616E49490003602F8 /* CircleMenuController.m */,
			);
			name = PopUpView;
			sourceTree = "<group>";
		};
		E0940AFF16B23442002BEBAA /* Resource */ = {
			isa = PBXGroup;
			children = (
				E04221B316E4928F003602F8 /* Image */,
				E00F55DD16CA89C9005FA455 /* Icon_max.png */,
				E00F55DE16CA89C9005FA455 /* Icon_min.png */,
				E00F55DF16CA89C9005FA455 /* KnowledgeBase.sqlite3 */,
			);
			name = Resource;
			sourceTree = "<group>";
		};
		E0EC974E1615836A00EBFE79 = {
			isa = PBXGroup;
			children = (
				E0F6BDF6168E8BC000D857BC /* libsqlite3.dylib */,
				E0EC97631615836A00EBFE79 /* MagicCubeModel */,
				E0EC97811615836A00EBFE79 /* MagicCubeModelTests */,
				E0EC975C1615836A00EBFE79 /* Frameworks */,
				E0EC975A1615836A00EBFE79 /* Products */,
			);
			sourceTree = "<group>";
		};
		E0EC975A1615836A00EBFE79 /* Products */ = {
			isa = PBXGroup;
			children = (
				E0EC97591615836A00EBFE79 /* MagicCubeModel.app */,
				E0EC977A1615836A00EBFE79 /* MagicCubeModelTests.octest */,
			);
			name = Products;
			sourceTree = "<group>";
		};
		E0EC975C1615836A00EBFE79 /* Frameworks */ = {
			isa = PBXGroup;
			children = (
				E0EC975D1615836A00EBFE79 /* UIKit.framework */,
				E0EC975F1615836A00EBFE79 /* Foundation.framework */,
				E0EC97611615836A00EBFE79 /* CoreGraphics.framework */,
				E0EC977B1615836A00EBFE79 /* SenTestingKit.framework */,
			);
			name = Frameworks;
			sourceTree = "<group>";
		};
		E0EC97631615836A00EBFE79 /* MagicCubeModel */ = {
			isa = PBXGroup;
			children = (
				E00F55C416CA86AB005FA455 /* Document */,
				E0940AFF16B23442002BEBAA /* Resource */,
				E0F6BDF1168E898800D857BC /* MCPlayHelper */,
				E04108B016EF4209002118E7 /* Util */,
				E04221C416E4946D003602F8 /* PopUpView */,
				E0EC976C1615836A00EBFE79 /* MCAppDelegate.h */,
				E0EC976D1615836A00EBFE79 /* MCAppDelegate.m */,
				E0EC976F1615836A00EBFE79 /* MainStoryboard.storyboard */,
				E0E75E81169567130002AF38 /* MCInsertRuleContorller.h */,
				E0E75E82169567130002AF38 /* MCInsertRuleContorller.m */,
				E0E737DD1694651600E48BD0 /* MCRestoreModelController.h */,
				E0E737DE1694651600E48BD0 /* MCRestoreModelController.m */,
				E0EB17261690972A00B5A827 /* MCInsertPatternController.h */,
				E0EB17271690972A00B5A827 /* MCInsertPatternController.m */,
				E0EC97721615836A00EBFE79 /* MCViewController.h */,
				E0EC97731615836A00EBFE79 /* MCViewController.m */,
				E0EC9792161583B100EBFE79 /* Global.h */,
				E0EC9793161583B100EBFE79 /* MCCubie.h */,
				E0EC9794161583B100EBFE79 /* MCCube.m */,
				E0EC9795161583B100EBFE79 /* MCMagicCube.h */,
				E0EC9796161583B100EBFE79 /* MCMagicCube.m */,
				E0EC97641615836A00EBFE79 /* Supporting Files */,
			);
			path = MagicCubeModel;
			sourceTree = "<group>";
		};
		E0EC97641615836A00EBFE79 /* Supporting Files */ = {
			isa = PBXGroup;
			children = (
				E0EC97651615836A00EBFE79 /* MagicCubeModel-Info.plist */,
				E0EC97661615836A00EBFE79 /* InfoPlist.strings */,
				E0EC97691615836A00EBFE79 /* main.m */,
				E0EC976B1615836A00EBFE79 /* MagicCubeModel-Prefix.pch */,
			);
			name = "Supporting Files";
			sourceTree = "<group>";
		};
		E0EC97811615836A00EBFE79 /* MagicCubeModelTests */ = {
			isa = PBXGroup;
			children = (
				E0EC97871615836B00EBFE79 /* MagicCubeModelTests.h */,
				E0EC97881615836B00EBFE79 /* MagicCubeModelTests.m */,
				E0EC97821615836A00EBFE79 /* Supporting Files */,
			);
			path = MagicCubeModelTests;
			sourceTree = "<group>";
		};
		E0EC97821615836A00EBFE79 /* Supporting Files */ = {
			isa = PBXGroup;
			children = (
				E0EC97831615836A00EBFE79 /* MagicCubeModelTests-Info.plist */,
				E0EC97841615836A00EBFE79 /* InfoPlist.strings */,
			);
			name = "Supporting Files";
			sourceTree = "<group>";
		};
		E0F6BDF1168E898800D857BC /* MCPlayHelper */ = {
			isa = PBXGroup;
			children = (
				E0F6BDF3168E8AC300D857BC /* MCKnowledgeBase.h */,
				E0F6BDF4168E8AC300D857BC /* MCKnowledgeBase.m */,
				E0B0FB7D168EC97800DBBF49 /* MCPlayHelper.h */,
				E0B0FB7E168EC97800DBBF49 /* MCPlayHelper.m */,
				E0B0FB81168EDC7200DBBF49 /* MCBasicElement.h */,
				E0B0FB82168EDC7200DBBF49 /* MCBasicElement.m */,
			);
			name = MCPlayHelper;
			sourceTree = "<group>";
		};
/* End PBXGroup section */

/* Begin PBXNativeTarget section */
		E0EC97581615836A00EBFE79 /* MagicCubeModel */ = {
			isa = PBXNativeTarget;
			buildConfigurationList = E0EC978C1615836B00EBFE79 /* Build configuration list for PBXNativeTarget "MagicCubeModel" */;
			buildPhases = (
				E0EC97551615836A00EBFE79 /* Sources */,
				E0EC97561615836A00EBFE79 /* Frameworks */,
				E0EC97571615836A00EBFE79 /* Resources */,
				E0472BE916B2270E005DCA21 /* ShellScript */,
			);
			buildRules = (
			);
			dependencies = (
			);
			name = MagicCubeModel;
			productName = MagicCubeModel;
			productReference = E0EC97591615836A00EBFE79 /* MagicCubeModel.app */;
			productType = "com.apple.product-type.application";
		};
		E0EC97791615836A00EBFE79 /* MagicCubeModelTests */ = {
			isa = PBXNativeTarget;
			buildConfigurationList = E0EC978F1615836B00EBFE79 /* Build configuration list for PBXNativeTarget "MagicCubeModelTests" */;
			buildPhases = (
				E0EC97751615836A00EBFE79 /* Sources */,
				E0EC97761615836A00EBFE79 /* Frameworks */,
				E0EC97771615836A00EBFE79 /* Resources */,
				E0EC97781615836A00EBFE79 /* ShellScript */,
			);
			buildRules = (
			);
			dependencies = (
				E0EC97801615836A00EBFE79 /* PBXTargetDependency */,
			);
			name = MagicCubeModelTests;
			productName = MagicCubeModelTests;
			productReference = E0EC977A1615836A00EBFE79 /* MagicCubeModelTests.octest */;
			productType = "com.apple.product-type.bundle";
		};
/* End PBXNativeTarget section */

/* Begin PBXProject section */
		E0EC97501615836A00EBFE79 /* Project object */ = {
			isa = PBXProject;
			attributes = {
				CLASSPREFIX = MC;
				LastUpgradeCheck = 0460;
				ORGANIZATIONNAME = Aha;
			};
			buildConfigurationList = E0EC97531615836A00EBFE79 /* Build configuration list for PBXProject "MagicCubeModel" */;
			compatibilityVersion = "Xcode 3.2";
			developmentRegion = English;
			hasScannedForEncodings = 0;
			knownRegions = (
				en,
			);
			mainGroup = E0EC974E1615836A00EBFE79;
			productRefGroup = E0EC975A1615836A00EBFE79 /* Products */;
			projectDirPath = "";
			projectRoot = "";
			targets = (
				E0EC97581615836A00EBFE79 /* MagicCubeModel */,
				E0EC97791615836A00EBFE79 /* MagicCubeModelTests */,
			);
		};
/* End PBXProject section */

/* Begin PBXResourcesBuildPhase section */
		E0EC97571615836A00EBFE79 /* Resources */ = {
			isa = PBXResourcesBuildPhase;
			buildActionMask = 2147483647;
			files = (
				E0EC97681615836A00EBFE79 /* InfoPlist.strings in Resources */,
				E0EC97711615836A00EBFE79 /* MainStoryboard.storyboard in Resources */,
				E00F55CF16CA896C005FA455 /* Down_CrossToEInETFF规则(20130202更新).docx in Resources */,
				E00F55D016CA896C005FA455 /* EInETFFToTInETFF规则(20130212更新).docx in Resources */,
				E00F55D116CA896C005FA455 /* FirstFInETFFToSecondFInETFF规则.docx in Resources */,
				E00F55D216CA896C005FA455 /* InitToDown_Cross规则(20130202更新).docx in Resources */,
				E00F55D316CA896C005FA455 /* ReadMe!.docx in Resources */,
				E00F55D416CA896C005FA455 /* State List(20130206更新).docx in Resources */,
				E00F55D516CA896C005FA455 /* TInETFFToFirstFInETFF规则.docx in Resources */,
				E00F55D616CA896C005FA455 /* 规则输入说明文档(20130210更新).docx in Resources */,
				E00F55E016CA89C9005FA455 /* Icon_max.png in Resources */,
				E00F55E116CA89C9005FA455 /* Icon_min.png in Resources */,
				E00F55E216CA89C9005FA455 /* KnowledgeBase.sqlite3 in Resources */,
				E04221BC16E492E8003602F8 /* Color06.png in Resources */,
				E04221BD16E492E8003602F8 /* Color05.png in Resources */,
				E04221BE16E492E8003602F8 /* Color02.png in Resources */,
				E04221BF16E492E8003602F8 /* Color03.png in Resources */,
				E04221C016E492E8003602F8 /* Color01.png in Resources */,
				E04221C216E492E8003602F8 /* DefaultButton.png in Resources */,
				E04221C316E492E8003602F8 /* DefaultButtonBg.png in Resources */,
				E070AF6C16E4CAE9004BEB2E /* Color04.png in Resources */,
			);
			runOnlyForDeploymentPostprocessing = 0;
		};
		E0EC97771615836A00EBFE79 /* Resources */ = {
			isa = PBXResourcesBuildPhase;
			buildActionMask = 2147483647;
			files = (
				E0EC97861615836A00EBFE79 /* InfoPlist.strings in Resources */,
			);
			runOnlyForDeploymentPostprocessing = 0;
		};
/* End PBXResourcesBuildPhase section */

/* Begin PBXShellScriptBuildPhase section */
		E0472BE916B2270E005DCA21 /* ShellScript */ = {
			isa = PBXShellScriptBuildPhase;
			buildActionMask = 2147483647;
			files = (
			);
			inputPaths = (
			);
			outputPaths = (
			);
			runOnlyForDeploymentPostprocessing = 0;
			shellPath = /bin/sh;
			shellScript = "export CODESIGN_ALLOCATE=/Applications/Xcode.app/Contents/Developer/Platforms/iPhoneOS.platform/Developer/usr/bin/codesign_allocate\nif [ \"${PLATFORM_NAME}\" == \"iphoneos\" ] || [ \"${PLATFORM_NAME}\" == \"ipados\" ]; then\n/Applications/Xcode.app/Contents/Developer/iphoneentitlements/gen_entitlements.py \"my.company.${PROJECT_NAME}\" \"${BUILT_PRODUCTS_DIR}/${WRAPPER_NAME}/${PROJECT_NAME}.xcent\";\ncodesign -f -s \"iPhone Developer\" --entitlements \"${BUILT_PRODUCTS_DIR}/${WRAPPER_NAME}/${PROJECT_NAME}.xcent\" \"${BUILT_PRODUCTS_DIR}/${WRAPPER_NAME}/\"\nfi";
		};
		E0EC97781615836A00EBFE79 /* ShellScript */ = {
			isa = PBXShellScriptBuildPhase;
			buildActionMask = 2147483647;
			files = (
			);
			inputPaths = (
			);
			outputPaths = (
			);
			runOnlyForDeploymentPostprocessing = 0;
			shellPath = /bin/sh;
			shellScript = "# Run the unit tests in this test bundle.\n\"${SYSTEM_DEVELOPER_DIR}/Tools/RunUnitTests\"\n";
		};
/* End PBXShellScriptBuildPhase section */

/* Begin PBXSourcesBuildPhase section */
		E0EC97551615836A00EBFE79 /* Sources */ = {
			isa = PBXSourcesBuildPhase;
			buildActionMask = 2147483647;
			files = (
				E0EC976A1615836A00EBFE79 /* main.m in Sources */,
				E0EC976E1615836A00EBFE79 /* MCAppDelegate.m in Sources */,
				E0EC97741615836A00EBFE79 /* MCViewController.m in Sources */,
				E0EC9797161583B100EBFE79 /* MCCube.m in Sources */,
				E0EC9798161583B100EBFE79 /* MCMagicCube.m in Sources */,
				E0F6BDF5168E8AC300D857BC /* MCKnowledgeBase.m in Sources */,
				E0B0FB7F168EC97900DBBF49 /* MCPlayHelper.m in Sources */,
				E0B0FB83168EDC7200DBBF49 /* MCBasicElement.m in Sources */,
				E0EB17281690972A00B5A827 /* MCInsertPatternController.m in Sources */,
				E0E737DF1694651600E48BD0 /* MCRestoreModelController.m in Sources */,
				E0E75E83169567130002AF38 /* MCInsertRuleContorller.m in Sources */,
				E04221C716E49490003602F8 /* CircleMenuController.m in Sources */,
				E04108B316EF4290002118E7 /* MCTransformUtil.m in Sources */,
			);
			runOnlyForDeploymentPostprocessing = 0;
		};
		E0EC97751615836A00EBFE79 /* Sources */ = {
			isa = PBXSourcesBuildPhase;
			buildActionMask = 2147483647;
			files = (
				E0EC97891615836B00EBFE79 /* MagicCubeModelTests.m in Sources */,
			);
			runOnlyForDeploymentPostprocessing = 0;
		};
/* End PBXSourcesBuildPhase section */

/* Begin PBXTargetDependency section */
		E0EC97801615836A00EBFE79 /* PBXTargetDependency */ = {
			isa = PBXTargetDependency;
			target = E0EC97581615836A00EBFE79 /* MagicCubeModel */;
			targetProxy = E0EC977F1615836A00EBFE79 /* PBXContainerItemProxy */;
		};
/* End PBXTargetDependency section */

/* Begin PBXVariantGroup section */
		E0EC97661615836A00EBFE79 /* InfoPlist.strings */ = {
			isa = PBXVariantGroup;
			children = (
				E0EC97671615836A00EBFE79 /* en */,
			);
			name = InfoPlist.strings;
			sourceTree = "<group>";
		};
		E0EC976F1615836A00EBFE79 /* MainStoryboard.storyboard */ = {
			isa = PBXVariantGroup;
			children = (
				E0EC97701615836A00EBFE79 /* en */,
			);
			name = MainStoryboard.storyboard;
			sourceTree = "<group>";
		};
		E0EC97841615836A00EBFE79 /* InfoPlist.strings */ = {
			isa = PBXVariantGroup;
			children = (
				E0EC97851615836A00EBFE79 /* en */,
			);
			name = InfoPlist.strings;
			sourceTree = "<group>";
		};
/* End PBXVariantGroup section */

/* Begin XCBuildConfiguration section */
		E0EC978A1615836B00EBFE79 /* Debug */ = {
			isa = XCBuildConfiguration;
			buildSettings = {
				ALWAYS_SEARCH_USER_PATHS = NO;
				ARCHS = "$(ARCHS_STANDARD_32_BIT)";
				CLANG_CXX_LANGUAGE_STANDARD = "gnu++0x";
				CLANG_WARN_CONSTANT_CONVERSION = YES;
				CLANG_WARN_ENUM_CONVERSION = YES;
				CLANG_WARN_INT_CONVERSION = YES;
				CLANG_WARN__DUPLICATE_METHOD_MATCH = YES;
				CODE_SIGN_IDENTITY = "";
				"CODE_SIGN_IDENTITY[sdk=iphoneos*]" = "";
				COPY_PHASE_STRIP = NO;
				GCC_C_LANGUAGE_STANDARD = gnu99;
				GCC_DYNAMIC_NO_PIC = NO;
				GCC_OPTIMIZATION_LEVEL = 0;
				GCC_PREPROCESSOR_DEFINITIONS = (
					"DEBUG=1",
					"$(inherited)",
				);
				GCC_SYMBOLS_PRIVATE_EXTERN = NO;
				GCC_VERSION = com.apple.compilers.llvm.clang.1_0;
				GCC_WARN_ABOUT_RETURN_TYPE = YES;
				GCC_WARN_UNINITIALIZED_AUTOS = YES;
				GCC_WARN_UNUSED_VARIABLE = YES;
				IPHONEOS_DEPLOYMENT_TARGET = 5.1;
				SDKROOT = iphoneos;
				TARGETED_DEVICE_FAMILY = 2;
			};
			name = Debug;
		};
		E0EC978B1615836B00EBFE79 /* Release */ = {
			isa = XCBuildConfiguration;
			buildSettings = {
				ALWAYS_SEARCH_USER_PATHS = NO;
				ARCHS = "$(ARCHS_STANDARD_32_BIT)";
				CLANG_CXX_LANGUAGE_STANDARD = "gnu++0x";
				CLANG_WARN_CONSTANT_CONVERSION = YES;
				CLANG_WARN_ENUM_CONVERSION = YES;
				CLANG_WARN_INT_CONVERSION = YES;
				CLANG_WARN__DUPLICATE_METHOD_MATCH = YES;
				CODE_SIGN_IDENTITY = "";
				"CODE_SIGN_IDENTITY[sdk=iphoneos*]" = "";
				COPY_PHASE_STRIP = YES;
				GCC_C_LANGUAGE_STANDARD = gnu99;
				GCC_VERSION = com.apple.compilers.llvm.clang.1_0;
				GCC_WARN_ABOUT_RETURN_TYPE = YES;
				GCC_WARN_UNINITIALIZED_AUTOS = YES;
				GCC_WARN_UNUSED_VARIABLE = YES;
				IPHONEOS_DEPLOYMENT_TARGET = 5.1;
				OTHER_CFLAGS = "-DNS_BLOCK_ASSERTIONS=1";
				SDKROOT = iphoneos;
				TARGETED_DEVICE_FAMILY = 2;
				VALIDATE_PRODUCT = YES;
			};
			name = Release;
		};
		E0EC978D1615836B00EBFE79 /* Debug */ = {
			isa = XCBuildConfiguration;
			buildSettings = {
				GCC_PRECOMPILE_PREFIX_HEADER = YES;
				GCC_PREFIX_HEADER = "MagicCubeModel/MagicCubeModel-Prefix.pch";
				INFOPLIST_FILE = "MagicCubeModel/MagicCubeModel-Info.plist";
				IPHONEOS_DEPLOYMENT_TARGET = 5.1;
				PRODUCT_NAME = "$(TARGET_NAME)";
				TARGETED_DEVICE_FAMILY = 2;
				WRAPPER_EXTENSION = app;
			};
			name = Debug;
		};
		E0EC978E1615836B00EBFE79 /* Release */ = {
			isa = XCBuildConfiguration;
			buildSettings = {
				GCC_PRECOMPILE_PREFIX_HEADER = YES;
				GCC_PREFIX_HEADER = "MagicCubeModel/MagicCubeModel-Prefix.pch";
				INFOPLIST_FILE = "MagicCubeModel/MagicCubeModel-Info.plist";
				IPHONEOS_DEPLOYMENT_TARGET = 5.1;
				PRODUCT_NAME = "$(TARGET_NAME)";
				TARGETED_DEVICE_FAMILY = 2;
				WRAPPER_EXTENSION = app;
			};
			name = Release;
		};
		E0EC97901615836B00EBFE79 /* Debug */ = {
			isa = XCBuildConfiguration;
			buildSettings = {
				BUNDLE_LOADER = "$(BUILT_PRODUCTS_DIR)/MagicCubeModel.app/MagicCubeModel";
				FRAMEWORK_SEARCH_PATHS = (
					"\"$(SDKROOT)/Developer/Library/Frameworks\"",
					"\"$(DEVELOPER_LIBRARY_DIR)/Frameworks\"",
				);
				GCC_PRECOMPILE_PREFIX_HEADER = YES;
				GCC_PREFIX_HEADER = "MagicCubeModel/MagicCubeModel-Prefix.pch";
				INFOPLIST_FILE = "MagicCubeModelTests/MagicCubeModelTests-Info.plist";
				PRODUCT_NAME = "$(TARGET_NAME)";
				TEST_HOST = "$(BUNDLE_LOADER)";
				WRAPPER_EXTENSION = octest;
			};
			name = Debug;
		};
		E0EC97911615836B00EBFE79 /* Release */ = {
			isa = XCBuildConfiguration;
			buildSettings = {
				BUNDLE_LOADER = "$(BUILT_PRODUCTS_DIR)/MagicCubeModel.app/MagicCubeModel";
				FRAMEWORK_SEARCH_PATHS = (
					"\"$(SDKROOT)/Developer/Library/Frameworks\"",
					"\"$(DEVELOPER_LIBRARY_DIR)/Frameworks\"",
				);
				GCC_PRECOMPILE_PREFIX_HEADER = YES;
				GCC_PREFIX_HEADER = "MagicCubeModel/MagicCubeModel-Prefix.pch";
				INFOPLIST_FILE = "MagicCubeModelTests/MagicCubeModelTests-Info.plist";
				PRODUCT_NAME = "$(TARGET_NAME)";
				TEST_HOST = "$(BUNDLE_LOADER)";
				WRAPPER_EXTENSION = octest;
			};
			name = Release;
		};
/* End XCBuildConfiguration section */

/* Begin XCConfigurationList section */
		E0EC97531615836A00EBFE79 /* Build configuration list for PBXProject "MagicCubeModel" */ = {
			isa = XCConfigurationList;
			buildConfigurations = (
				E0EC978A1615836B00EBFE79 /* Debug */,
				E0EC978B1615836B00EBFE79 /* Release */,
			);
			defaultConfigurationIsVisible = 0;
			defaultConfigurationName = Release;
		};
		E0EC978C1615836B00EBFE79 /* Build configuration list for PBXNativeTarget "MagicCubeModel" */ = {
			isa = XCConfigurationList;
			buildConfigurations = (
				E0EC978D1615836B00EBFE79 /* Debug */,
				E0EC978E1615836B00EBFE79 /* Release */,
			);
			defaultConfigurationIsVisible = 0;
			defaultConfigurationName = Release;
		};
		E0EC978F1615836B00EBFE79 /* Build configuration list for PBXNativeTarget "MagicCubeModelTests" */ = {
			isa = XCConfigurationList;
			buildConfigurations = (
				E0EC97901615836B00EBFE79 /* Debug */,
				E0EC97911615836B00EBFE79 /* Release */,
			);
			defaultConfigurationIsVisible = 0;
			defaultConfigurationName = Release;
		};
/* End XCConfigurationList section */
	};
	rootObject = E0EC97501615836A00EBFE79 /* Project object */;
}
